// !$*UTF8*$!
{
	archiveVersion = 1;
	classes = {
	};
	objectVersion = 56;
	objects = {

/* Begin PBXBuildFile section */
		05D1CE222A17780E0079EB1B /* WaterDepthDataView.swift in Sources */ = {isa = PBXBuildFile; fileRef = 05D1CE212A17780E0079EB1B /* WaterDepthDataView.swift */; };
		05D1CE242A1778400079EB1B /* WaterDepthDataCard.swift in Sources */ = {isa = PBXBuildFile; fileRef = 05D1CE232A1778400079EB1B /* WaterDepthDataCard.swift */; };
		351BF20E2A1663960006B92E /* SettingsView.swift in Sources */ = {isa = PBXBuildFile; fileRef = 351BF20D2A1663960006B92E /* SettingsView.swift */; };
		351BF2102A1664780006B92E /* AppInfoView.swift in Sources */ = {isa = PBXBuildFile; fileRef = 351BF20F2A1664780006B92E /* AppInfoView.swift */; };
		3532F69C2A14DDB700F950EB /* Water_Agri_BWFLCApp.swift in Sources */ = {isa = PBXBuildFile; fileRef = 3532F69B2A14DDB700F950EB /* Water_Agri_BWFLCApp.swift */; };
		3532F69E2A14DDB700F950EB /* ContentView.swift in Sources */ = {isa = PBXBuildFile; fileRef = 3532F69D2A14DDB700F950EB /* ContentView.swift */; };
		3532F6A02A14DDB700F950EB /* Assets.xcassets in Resources */ = {isa = PBXBuildFile; fileRef = 3532F69F2A14DDB700F950EB /* Assets.xcassets */; };
		3532F6A32A14DDB700F950EB /* Preview Assets.xcassets in Resources */ = {isa = PBXBuildFile; fileRef = 3532F6A22A14DDB700F950EB /* Preview Assets.xcassets */; };
		3532F6AB2A14DDD600F950EB /* SoilHumidityTopDataCard.swift in Sources */ = {isa = PBXBuildFile; fileRef = 3532F6AA2A14DDD600F950EB /* SoilHumidityTopDataCard.swift */; };
		3532F6AD2A14DE1B00F950EB /* AirTemperatureDataCard.swift in Sources */ = {isa = PBXBuildFile; fileRef = 3532F6AC2A14DE1B00F950EB /* AirTemperatureDataCard.swift */; };
		3532F6B02A14DEBB00F950EB /* SoilHumidityTopDataView.swift in Sources */ = {isa = PBXBuildFile; fileRef = 3532F6AF2A14DEBB00F950EB /* SoilHumidityTopDataView.swift */; };
		3532F6B32A14DF3A00F950EB /* AirHumidityDataView.swift in Sources */ = {isa = PBXBuildFile; fileRef = 3532F6B22A14DF3A00F950EB /* AirHumidityDataView.swift */; };
		3532F6B52A14DFB300F950EB /* LumensDataCard.swift in Sources */ = {isa = PBXBuildFile; fileRef = 3532F6B42A14DFB300F950EB /* LumensDataCard.swift */; };
		3532F6B72A14E01300F950EB /* AirHumidityDataCard.swift in Sources */ = {isa = PBXBuildFile; fileRef = 3532F6B62A14E01300F950EB /* AirHumidityDataCard.swift */; };
		3532F6B92A14E06300F950EB /* LumensDataView.swift in Sources */ = {isa = PBXBuildFile; fileRef = 3532F6B82A14E06300F950EB /* LumensDataView.swift */; };
		3532F6BB2A14E09100F950EB /* AirTemperatureDataView.swift in Sources */ = {isa = PBXBuildFile; fileRef = 3532F6BA2A14E09100F950EB /* AirTemperatureDataView.swift */; };
		3532F6BD2A14E0E900F950EB /* LiveDataView.swift in Sources */ = {isa = PBXBuildFile; fileRef = 3532F6BC2A14E0E900F950EB /* LiveDataView.swift */; };
		3532F6BF2A14E11D00F950EB /* CreditView.swift in Sources */ = {isa = PBXBuildFile; fileRef = 3532F6BE2A14E11D00F950EB /* CreditView.swift */; };
		3532F6C12A14E14000F950EB /* AboutView.swift in Sources */ = {isa = PBXBuildFile; fileRef = 3532F6C02A14E14000F950EB /* AboutView.swift */; };
		353339DF2A1DE4EC009A371C /* SoilHumidity.swift in Sources */ = {isa = PBXBuildFile; fileRef = 353339DE2A1DE4EC009A371C /* SoilHumidity.swift */; };
		353339E12A1DEA70009A371C /* AirHumidity.swift in Sources */ = {isa = PBXBuildFile; fileRef = 353339E02A1DEA70009A371C /* AirHumidity.swift */; };
		353339E32A1DEED4009A371C /* DateAndTimeCard.swift in Sources */ = {isa = PBXBuildFile; fileRef = 353339E22A1DEED4009A371C /* DateAndTimeCard.swift */; };
		353339E52A1DF497009A371C /* AirTemperature.swift in Sources */ = {isa = PBXBuildFile; fileRef = 353339E42A1DF497009A371C /* AirTemperature.swift */; };
		353339E72A1DF780009A371C /* Lumens.swift in Sources */ = {isa = PBXBuildFile; fileRef = 353339E62A1DF780009A371C /* Lumens.swift */; };
		353689E62A1CBB55004CEE28 /* NotificationsView.swift in Sources */ = {isa = PBXBuildFile; fileRef = 353689E52A1CBB55004CEE28 /* NotificationsView.swift */; };
		3569E8462A1750680035FED4 /* SoilHumidityBottomDataCard.swift in Sources */ = {isa = PBXBuildFile; fileRef = 3569E8452A1750680035FED4 /* SoilHumidityBottomDataCard.swift */; };
		3569E8482A1751890035FED4 /* SoilHumidityBottomDataView.swift in Sources */ = {isa = PBXBuildFile; fileRef = 3569E8472A1751890035FED4 /* SoilHumidityBottomDataView.swift */; };
		35E6DCFE2A1DD69200ED8576 /* DataSummaryView.swift in Sources */ = {isa = PBXBuildFile; fileRef = 35E6DCFD2A1DD69200ED8576 /* DataSummaryView.swift */; };
/* End PBXBuildFile section */

/* Begin PBXFileReference section */
		05D1CE212A17780E0079EB1B /* WaterDepthDataView.swift */ = {isa = PBXFileReference; lastKnownFileType = sourcecode.swift; path = WaterDepthDataView.swift; sourceTree = "<group>"; };
		05D1CE232A1778400079EB1B /* WaterDepthDataCard.swift */ = {isa = PBXFileReference; lastKnownFileType = sourcecode.swift; path = WaterDepthDataCard.swift; sourceTree = "<group>"; };
		351BF20D2A1663960006B92E /* SettingsView.swift */ = {isa = PBXFileReference; lastKnownFileType = sourcecode.swift; path = SettingsView.swift; sourceTree = "<group>"; };
		351BF20F2A1664780006B92E /* AppInfoView.swift */ = {isa = PBXFileReference; lastKnownFileType = sourcecode.swift; path = AppInfoView.swift; sourceTree = "<group>"; };
		3532F6982A14DDB700F950EB /* Water Agri BWFLC.app */ = {isa = PBXFileReference; explicitFileType = wrapper.application; includeInIndex = 0; path = "Water Agri BWFLC.app"; sourceTree = BUILT_PRODUCTS_DIR; };
		3532F69B2A14DDB700F950EB /* Water_Agri_BWFLCApp.swift */ = {isa = PBXFileReference; lastKnownFileType = sourcecode.swift; path = Water_Agri_BWFLCApp.swift; sourceTree = "<group>"; };
		3532F69D2A14DDB700F950EB /* ContentView.swift */ = {isa = PBXFileReference; lastKnownFileType = sourcecode.swift; path = ContentView.swift; sourceTree = "<group>"; };
		3532F69F2A14DDB700F950EB /* Assets.xcassets */ = {isa = PBXFileReference; lastKnownFileType = folder.assetcatalog; path = Assets.xcassets; sourceTree = "<group>"; };
		3532F6A22A14DDB700F950EB /* Preview Assets.xcassets */ = {isa = PBXFileReference; lastKnownFileType = folder.assetcatalog; path = "Preview Assets.xcassets"; sourceTree = "<group>"; };
		3532F6AA2A14DDD600F950EB /* SoilHumidityTopDataCard.swift */ = {isa = PBXFileReference; lastKnownFileType = sourcecode.swift; path = SoilHumidityTopDataCard.swift; sourceTree = "<group>"; };
		3532F6AC2A14DE1B00F950EB /* AirTemperatureDataCard.swift */ = {isa = PBXFileReference; lastKnownFileType = sourcecode.swift; path = AirTemperatureDataCard.swift; sourceTree = "<group>"; };
		3532F6AF2A14DEBB00F950EB /* SoilHumidityTopDataView.swift */ = {isa = PBXFileReference; lastKnownFileType = sourcecode.swift; path = SoilHumidityTopDataView.swift; sourceTree = "<group>"; };
		3532F6B22A14DF3A00F950EB /* AirHumidityDataView.swift */ = {isa = PBXFileReference; lastKnownFileType = sourcecode.swift; path = AirHumidityDataView.swift; sourceTree = "<group>"; };
		3532F6B42A14DFB300F950EB /* LumensDataCard.swift */ = {isa = PBXFileReference; lastKnownFileType = sourcecode.swift; path = LumensDataCard.swift; sourceTree = "<group>"; };
		3532F6B62A14E01300F950EB /* AirHumidityDataCard.swift */ = {isa = PBXFileReference; lastKnownFileType = sourcecode.swift; path = AirHumidityDataCard.swift; sourceTree = "<group>"; };
		3532F6B82A14E06300F950EB /* LumensDataView.swift */ = {isa = PBXFileReference; lastKnownFileType = sourcecode.swift; path = LumensDataView.swift; sourceTree = "<group>"; };
		3532F6BA2A14E09100F950EB /* AirTemperatureDataView.swift */ = {isa = PBXFileReference; lastKnownFileType = sourcecode.swift; path = AirTemperatureDataView.swift; sourceTree = "<group>"; };
		3532F6BC2A14E0E900F950EB /* LiveDataView.swift */ = {isa = PBXFileReference; lastKnownFileType = sourcecode.swift; path = LiveDataView.swift; sourceTree = "<group>"; };
		3532F6BE2A14E11D00F950EB /* CreditView.swift */ = {isa = PBXFileReference; lastKnownFileType = sourcecode.swift; path = CreditView.swift; sourceTree = "<group>"; };
		3532F6C02A14E14000F950EB /* AboutView.swift */ = {isa = PBXFileReference; lastKnownFileType = sourcecode.swift; path = AboutView.swift; sourceTree = "<group>"; };
		353339DE2A1DE4EC009A371C /* SoilHumidity.swift */ = {isa = PBXFileReference; lastKnownFileType = sourcecode.swift; path = SoilHumidity.swift; sourceTree = "<group>"; };
		353339E02A1DEA70009A371C /* AirHumidity.swift */ = {isa = PBXFileReference; lastKnownFileType = sourcecode.swift; path = AirHumidity.swift; sourceTree = "<group>"; };
		353339E22A1DEED4009A371C /* DateAndTimeCard.swift */ = {isa = PBXFileReference; lastKnownFileType = sourcecode.swift; path = DateAndTimeCard.swift; sourceTree = "<group>"; };
		353339E42A1DF497009A371C /* AirTemperature.swift */ = {isa = PBXFileReference; lastKnownFileType = sourcecode.swift; path = AirTemperature.swift; sourceTree = "<group>"; };
		353339E62A1DF780009A371C /* Lumens.swift */ = {isa = PBXFileReference; lastKnownFileType = sourcecode.swift; path = Lumens.swift; sourceTree = "<group>"; };
		353689E52A1CBB55004CEE28 /* NotificationsView.swift */ = {isa = PBXFileReference; lastKnownFileType = sourcecode.swift; path = NotificationsView.swift; sourceTree = "<group>"; };
		3569E8452A1750680035FED4 /* SoilHumidityBottomDataCard.swift */ = {isa = PBXFileReference; lastKnownFileType = sourcecode.swift; path = SoilHumidityBottomDataCard.swift; sourceTree = "<group>"; };
		3569E8472A1751890035FED4 /* SoilHumidityBottomDataView.swift */ = {isa = PBXFileReference; lastKnownFileType = sourcecode.swift; path = SoilHumidityBottomDataView.swift; sourceTree = "<group>"; };
		35E6DCFD2A1DD69200ED8576 /* DataSummaryView.swift */ = {isa = PBXFileReference; lastKnownFileType = sourcecode.swift; path = DataSummaryView.swift; sourceTree = "<group>"; };
/* End PBXFileReference section */

/* Begin PBXFrameworksBuildPhase section */
		3532F6952A14DDB700F950EB /* Frameworks */ = {
			isa = PBXFrameworksBuildPhase;
			buildActionMask = 2147483647;
			files = (
			);
			runOnlyForDeploymentPostprocessing = 0;
		};
/* End PBXFrameworksBuildPhase section */

/* Begin PBXGroup section */
		3532F68F2A14DDB600F950EB = {
			isa = PBXGroup;
			children = (
				3532F69A2A14DDB700F950EB /* Water Agri BWFLC */,
				3532F6992A14DDB700F950EB /* Products */,
			);
			sourceTree = "<group>";
		};
		3532F6992A14DDB700F950EB /* Products */ = {
			isa = PBXGroup;
			children = (
				3532F6982A14DDB700F950EB /* Water Agri BWFLC.app */,
			);
			name = Products;
			sourceTree = "<group>";
		};
		3532F69A2A14DDB700F950EB /* Water Agri BWFLC */ = {
			isa = PBXGroup;
			children = (
				3532F69B2A14DDB700F950EB /* Water_Agri_BWFLCApp.swift */,
				3532F69D2A14DDB700F950EB /* ContentView.swift */,
				35E6DCFD2A1DD69200ED8576 /* DataSummaryView.swift */,
				351BF20D2A1663960006B92E /* SettingsView.swift */,
				351BF20F2A1664780006B92E /* AppInfoView.swift */,
				3532F6C02A14E14000F950EB /* AboutView.swift */,
				3532F6BC2A14E0E900F950EB /* LiveDataView.swift */,
				3532F6BE2A14E11D00F950EB /* CreditView.swift */,
				353689E52A1CBB55004CEE28 /* NotificationsView.swift */,
				3532F6A92A14DDBE00F950EB /* Data Cards */,
				3532F6AE2A14DEA300F950EB /* Data Views */,
				35E6DCFF2A1DD6BB00ED8576 /* Date & Time Cards */,
				35E6DD042A1DDCCF00ED8576 /* Data Summary Cards */,
				3532F69F2A14DDB700F950EB /* Assets.xcassets */,
				3532F6A12A14DDB700F950EB /* Preview Content */,
			);
			path = "Water Agri BWFLC";
			sourceTree = "<group>";
		};
		3532F6A12A14DDB700F950EB /* Preview Content */ = {
			isa = PBXGroup;
			children = (
				3532F6A22A14DDB700F950EB /* Preview Assets.xcassets */,
			);
			path = "Preview Content";
			sourceTree = "<group>";
		};
		3532F6A92A14DDBE00F950EB /* Data Cards */ = {
			isa = PBXGroup;
			children = (
				3532F6AA2A14DDD600F950EB /* SoilHumidityTopDataCard.swift */,
				3569E8452A1750680035FED4 /* SoilHumidityBottomDataCard.swift */,
				3532F6AC2A14DE1B00F950EB /* AirTemperatureDataCard.swift */,
				3532F6B42A14DFB300F950EB /* LumensDataCard.swift */,
				3532F6B62A14E01300F950EB /* AirHumidityDataCard.swift */,
				05D1CE232A1778400079EB1B /* WaterDepthDataCard.swift */,
			);
			path = "Data Cards";
			sourceTree = "<group>";
		};
		3532F6AE2A14DEA300F950EB /* Data Views */ = {
			isa = PBXGroup;
			children = (
				3532F6AF2A14DEBB00F950EB /* SoilHumidityTopDataView.swift */,
				3569E8472A1751890035FED4 /* SoilHumidityBottomDataView.swift */,
				3532F6B22A14DF3A00F950EB /* AirHumidityDataView.swift */,
				3532F6B82A14E06300F950EB /* LumensDataView.swift */,
				3532F6BA2A14E09100F950EB /* AirTemperatureDataView.swift */,
				05D1CE212A17780E0079EB1B /* WaterDepthDataView.swift */,
			);
			path = "Data Views";
			sourceTree = "<group>";
		};
		35E6DCFF2A1DD6BB00ED8576 /* Date & Time Cards */ = {
			isa = PBXGroup;
			children = (
				353339E22A1DEED4009A371C /* DateAndTimeCard.swift */,
			);
			path = "Date & Time Cards";
			sourceTree = "<group>";
		};
		35E6DD042A1DDCCF00ED8576 /* Data Summary Cards */ = {
			isa = PBXGroup;
			children = (
				353339DE2A1DE4EC009A371C /* SoilHumidity.swift */,
				353339E02A1DEA70009A371C /* AirHumidity.swift */,
				353339E42A1DF497009A371C /* AirTemperature.swift */,
				353339E62A1DF780009A371C /* Lumens.swift */,
			);
			path = "Data Summary Cards";
			sourceTree = "<group>";
		};
/* End PBXGroup section */

/* Begin PBXNativeTarget section */
		3532F6972A14DDB700F950EB /* Water Agri BWFLC */ = {
			isa = PBXNativeTarget;
			buildConfigurationList = 3532F6A62A14DDB700F950EB /* Build configuration list for PBXNativeTarget "Water Agri BWFLC" */;
			buildPhases = (
				3532F6942A14DDB700F950EB /* Sources */,
				3532F6952A14DDB700F950EB /* Frameworks */,
				3532F6962A14DDB700F950EB /* Resources */,
			);
			buildRules = (
			);
			dependencies = (
			);
			name = "Water Agri BWFLC";
			productName = "Water Agri BWFLC";
			productReference = 3532F6982A14DDB700F950EB /* Water Agri BWFLC.app */;
			productType = "com.apple.product-type.application";
		};
/* End PBXNativeTarget section */

/* Begin PBXProject section */
		3532F6902A14DDB600F950EB /* Project object */ = {
			isa = PBXProject;
			attributes = {
				BuildIndependentTargetsInParallel = 1;
				LastSwiftUpdateCheck = 1430;
				LastUpgradeCheck = 1430;
				TargetAttributes = {
					3532F6972A14DDB700F950EB = {
						CreatedOnToolsVersion = 14.3;
					};
				};
			};
			buildConfigurationList = 3532F6932A14DDB600F950EB /* Build configuration list for PBXProject "Water Agri BWFLC" */;
			compatibilityVersion = "Xcode 14.0";
			developmentRegion = en;
			hasScannedForEncodings = 0;
			knownRegions = (
				en,
				Base,
			);
			mainGroup = 3532F68F2A14DDB600F950EB;
			productRefGroup = 3532F6992A14DDB700F950EB /* Products */;
			projectDirPath = "";
			projectRoot = "";
			targets = (
				3532F6972A14DDB700F950EB /* Water Agri BWFLC */,
			);
		};
/* End PBXProject section */

/* Begin PBXResourcesBuildPhase section */
		3532F6962A14DDB700F950EB /* Resources */ = {
			isa = PBXResourcesBuildPhase;
			buildActionMask = 2147483647;
			files = (
				3532F6A32A14DDB700F950EB /* Preview Assets.xcassets in Resources */,
				3532F6A02A14DDB700F950EB /* Assets.xcassets in Resources */,
			);
			runOnlyForDeploymentPostprocessing = 0;
		};
/* End PBXResourcesBuildPhase section */

/* Begin PBXSourcesBuildPhase section */
		3532F6942A14DDB700F950EB /* Sources */ = {
			isa = PBXSourcesBuildPhase;
			buildActionMask = 2147483647;
			files = (
				353339E32A1DEED4009A371C /* DateAndTimeCard.swift in Sources */,
				351BF20E2A1663960006B92E /* SettingsView.swift in Sources */,
				3532F69E2A14DDB700F950EB /* ContentView.swift in Sources */,
				3532F6B92A14E06300F950EB /* LumensDataView.swift in Sources */,
				3532F6B72A14E01300F950EB /* AirHumidityDataCard.swift in Sources */,
				351BF2102A1664780006B92E /* AppInfoView.swift in Sources */,
				3569E8462A1750680035FED4 /* SoilHumidityBottomDataCard.swift in Sources */,
				3532F6BD2A14E0E900F950EB /* LiveDataView.swift in Sources */,
				05D1CE242A1778400079EB1B /* WaterDepthDataCard.swift in Sources */,
				353339DF2A1DE4EC009A371C /* SoilHumidity.swift in Sources */,
				3532F6C12A14E14000F950EB /* AboutView.swift in Sources */,
				35E6DCFE2A1DD69200ED8576 /* DataSummaryView.swift in Sources */,
				3532F6AD2A14DE1B00F950EB /* AirTemperatureDataCard.swift in Sources */,
				353339E72A1DF780009A371C /* Lumens.swift in Sources */,
				3532F6B32A14DF3A00F950EB /* AirHumidityDataView.swift in Sources */,
				353689E62A1CBB55004CEE28 /* NotificationsView.swift in Sources */,
				353339E12A1DEA70009A371C /* AirHumidity.swift in Sources */,
				3532F6AB2A14DDD600F950EB /* SoilHumidityTopDataCard.swift in Sources */,
				3532F6BB2A14E09100F950EB /* AirTemperatureDataView.swift in Sources */,
				3532F6B02A14DEBB00F950EB /* SoilHumidityTopDataView.swift in Sources */,
				3569E8482A1751890035FED4 /* SoilHumidityBottomDataView.swift in Sources */,
				3532F6BF2A14E11D00F950EB /* CreditView.swift in Sources */,
				3532F6B52A14DFB300F950EB /* LumensDataCard.swift in Sources */,
				3532F69C2A14DDB700F950EB /* Water_Agri_BWFLCApp.swift in Sources */,
				05D1CE222A17780E0079EB1B /* WaterDepthDataView.swift in Sources */,
				353339E52A1DF497009A371C /* AirTemperature.swift in Sources */,
			);
			runOnlyForDeploymentPostprocessing = 0;
		};
/* End PBXSourcesBuildPhase section */

/* Begin XCBuildConfiguration section */
		3532F6A42A14DDB700F950EB /* Debug */ = {
			isa = XCBuildConfiguration;
			buildSettings = {
				ALWAYS_SEARCH_USER_PATHS = NO;
				CLANG_ANALYZER_NONNULL = YES;
				CLANG_ANALYZER_NUMBER_OBJECT_CONVERSION = YES_AGGRESSIVE;
				CLANG_CXX_LANGUAGE_STANDARD = "gnu++20";
				CLANG_ENABLE_MODULES = YES;
				CLANG_ENABLE_OBJC_ARC = YES;
				CLANG_ENABLE_OBJC_WEAK = YES;
				CLANG_WARN_BLOCK_CAPTURE_AUTORELEASING = YES;
				CLANG_WARN_BOOL_CONVERSION = YES;
				CLANG_WARN_COMMA = YES;
				CLANG_WARN_CONSTANT_CONVERSION = YES;
				CLANG_WARN_DEPRECATED_OBJC_IMPLEMENTATIONS = YES;
				CLANG_WARN_DIRECT_OBJC_ISA_USAGE = YES_ERROR;
				CLANG_WARN_DOCUMENTATION_COMMENTS = YES;
				CLANG_WARN_EMPTY_BODY = YES;
				CLANG_WARN_ENUM_CONVERSION = YES;
				CLANG_WARN_INFINITE_RECURSION = YES;
				CLANG_WARN_INT_CONVERSION = YES;
				CLANG_WARN_NON_LITERAL_NULL_CONVERSION = YES;
				CLANG_WARN_OBJC_IMPLICIT_RETAIN_SELF = YES;
				CLANG_WARN_OBJC_LITERAL_CONVERSION = YES;
				CLANG_WARN_OBJC_ROOT_CLASS = YES_ERROR;
				CLANG_WARN_QUOTED_INCLUDE_IN_FRAMEWORK_HEADER = YES;
				CLANG_WARN_RANGE_LOOP_ANALYSIS = YES;
				CLANG_WARN_STRICT_PROTOTYPES = YES;
				CLANG_WARN_SUSPICIOUS_MOVE = YES;
				CLANG_WARN_UNGUARDED_AVAILABILITY = YES_AGGRESSIVE;
				CLANG_WARN_UNREACHABLE_CODE = YES;
				CLANG_WARN__DUPLICATE_METHOD_MATCH = YES;
				COPY_PHASE_STRIP = NO;
				DEBUG_INFORMATION_FORMAT = dwarf;
				ENABLE_STRICT_OBJC_MSGSEND = YES;
				ENABLE_TESTABILITY = YES;
				GCC_C_LANGUAGE_STANDARD = gnu11;
				GCC_DYNAMIC_NO_PIC = NO;
				GCC_NO_COMMON_BLOCKS = YES;
				GCC_OPTIMIZATION_LEVEL = 0;
				GCC_PREPROCESSOR_DEFINITIONS = (
					"DEBUG=1",
					"$(inherited)",
				);
				GCC_WARN_64_TO_32_BIT_CONVERSION = YES;
				GCC_WARN_ABOUT_RETURN_TYPE = YES_ERROR;
				GCC_WARN_UNDECLARED_SELECTOR = YES;
				GCC_WARN_UNINITIALIZED_AUTOS = YES_AGGRESSIVE;
				GCC_WARN_UNUSED_FUNCTION = YES;
				GCC_WARN_UNUSED_VARIABLE = YES;
				IPHONEOS_DEPLOYMENT_TARGET = 16.0;
				MTL_ENABLE_DEBUG_INFO = INCLUDE_SOURCE;
				MTL_FAST_MATH = YES;
				ONLY_ACTIVE_ARCH = YES;
				SDKROOT = iphoneos;
				SWIFT_ACTIVE_COMPILATION_CONDITIONS = DEBUG;
				SWIFT_OPTIMIZATION_LEVEL = "-Onone";
			};
			name = Debug;
		};
		3532F6A52A14DDB700F950EB /* Release */ = {
			isa = XCBuildConfiguration;
			buildSettings = {
				ALWAYS_SEARCH_USER_PATHS = NO;
				CLANG_ANALYZER_NONNULL = YES;
				CLANG_ANALYZER_NUMBER_OBJECT_CONVERSION = YES_AGGRESSIVE;
				CLANG_CXX_LANGUAGE_STANDARD = "gnu++20";
				CLANG_ENABLE_MODULES = YES;
				CLANG_ENABLE_OBJC_ARC = YES;
				CLANG_ENABLE_OBJC_WEAK = YES;
				CLANG_WARN_BLOCK_CAPTURE_AUTORELEASING = YES;
				CLANG_WARN_BOOL_CONVERSION = YES;
				CLANG_WARN_COMMA = YES;
				CLANG_WARN_CONSTANT_CONVERSION = YES;
				CLANG_WARN_DEPRECATED_OBJC_IMPLEMENTATIONS = YES;
				CLANG_WARN_DIRECT_OBJC_ISA_USAGE = YES_ERROR;
				CLANG_WARN_DOCUMENTATION_COMMENTS = YES;
				CLANG_WARN_EMPTY_BODY = YES;
				CLANG_WARN_ENUM_CONVERSION = YES;
				CLANG_WARN_INFINITE_RECURSION = YES;
				CLANG_WARN_INT_CONVERSION = YES;
				CLANG_WARN_NON_LITERAL_NULL_CONVERSION = YES;
				CLANG_WARN_OBJC_IMPLICIT_RETAIN_SELF = YES;
				CLANG_WARN_OBJC_LITERAL_CONVERSION = YES;
				CLANG_WARN_OBJC_ROOT_CLASS = YES_ERROR;
				CLANG_WARN_QUOTED_INCLUDE_IN_FRAMEWORK_HEADER = YES;
				CLANG_WARN_RANGE_LOOP_ANALYSIS = YES;
				CLANG_WARN_STRICT_PROTOTYPES = YES;
				CLANG_WARN_SUSPICIOUS_MOVE = YES;
				CLANG_WARN_UNGUARDED_AVAILABILITY = YES_AGGRESSIVE;
				CLANG_WARN_UNREACHABLE_CODE = YES;
				CLANG_WARN__DUPLICATE_METHOD_MATCH = YES;
				COPY_PHASE_STRIP = NO;
				DEBUG_INFORMATION_FORMAT = "dwarf-with-dsym";
				ENABLE_NS_ASSERTIONS = NO;
				ENABLE_STRICT_OBJC_MSGSEND = YES;
				GCC_C_LANGUAGE_STANDARD = gnu11;
				GCC_NO_COMMON_BLOCKS = YES;
				GCC_WARN_64_TO_32_BIT_CONVERSION = YES;
				GCC_WARN_ABOUT_RETURN_TYPE = YES_ERROR;
				GCC_WARN_UNDECLARED_SELECTOR = YES;
				GCC_WARN_UNINITIALIZED_AUTOS = YES_AGGRESSIVE;
				GCC_WARN_UNUSED_FUNCTION = YES;
				GCC_WARN_UNUSED_VARIABLE = YES;
				IPHONEOS_DEPLOYMENT_TARGET = 16.0;
				MTL_ENABLE_DEBUG_INFO = NO;
				MTL_FAST_MATH = YES;
				SDKROOT = iphoneos;
				SWIFT_COMPILATION_MODE = wholemodule;
				SWIFT_OPTIMIZATION_LEVEL = "-O";
				VALIDATE_PRODUCT = YES;
			};
			name = Release;
		};
		3532F6A72A14DDB700F950EB /* Debug */ = {
			isa = XCBuildConfiguration;
			buildSettings = {
				ASSETCATALOG_COMPILER_APPICON_NAME = AppIcon;
				ASSETCATALOG_COMPILER_GLOBAL_ACCENT_COLOR_NAME = AccentColor;
				CODE_SIGN_STYLE = Automatic;
				CURRENT_PROJECT_VERSION = 1;
				DEVELOPMENT_ASSET_PATHS = "\"Water Agri BWFLC/Preview Content\"";
				ENABLE_PREVIEWS = YES;
				GENERATE_INFOPLIST_FILE = YES;
				INFOPLIST_KEY_LSApplicationCategoryType = "public.app-category.utilities";
				INFOPLIST_KEY_UIApplicationSceneManifest_Generation = YES;
				INFOPLIST_KEY_UIApplicationSupportsIndirectInputEvents = YES;
				INFOPLIST_KEY_UILaunchScreen_Generation = YES;
				INFOPLIST_KEY_UISupportedInterfaceOrientations_iPad = "UIInterfaceOrientationPortrait UIInterfaceOrientationPortraitUpsideDown UIInterfaceOrientationLandscapeLeft UIInterfaceOrientationLandscapeRight";
				INFOPLIST_KEY_UISupportedInterfaceOrientations_iPhone = "UIInterfaceOrientationPortrait UIInterfaceOrientationLandscapeLeft UIInterfaceOrientationLandscapeRight";
				IPHONEOS_DEPLOYMENT_TARGET = 16.0;
				LD_RUNPATH_SEARCH_PATHS = (
					"$(inherited)",
					"@executable_path/Frameworks",
				);
				MARKETING_VERSION = 1.0;
				PRODUCT_BUNDLE_IDENTIFIER = "BWFLC.Water-Agri-BWFLC";
				PRODUCT_NAME = "$(TARGET_NAME)";
				SWIFT_EMIT_LOC_STRINGS = YES;
				SWIFT_VERSION = 5.0;
				TARGETED_DEVICE_FAMILY = "1,2";
			};
			name = Debug;
		};
		3532F6A82A14DDB700F950EB /* Release */ = {
			isa = XCBuildConfiguration;
			buildSettings = {
				ASSETCATALOG_COMPILER_APPICON_NAME = AppIcon;
				ASSETCATALOG_COMPILER_GLOBAL_ACCENT_COLOR_NAME = AccentColor;
				CODE_SIGN_STYLE = Automatic;
				CURRENT_PROJECT_VERSION = 1;
				DEVELOPMENT_ASSET_PATHS = "\"Water Agri BWFLC/Preview Content\"";
				ENABLE_PREVIEWS = YES;
				GENERATE_INFOPLIST_FILE = YES;
				INFOPLIST_KEY_LSApplicationCategoryType = "public.app-category.utilities";
				INFOPLIST_KEY_UIApplicationSceneManifest_Generation = YES;
				INFOPLIST_KEY_UIApplicationSupportsIndirectInputEvents = YES;
				INFOPLIST_KEY_UILaunchScreen_Generation = YES;
				INFOPLIST_KEY_UISupportedInterfaceOrientations_iPad = "UIInterfaceOrientationPortrait UIInterfaceOrientationPortraitUpsideDown UIInterfaceOrientationLandscapeLeft UIInterfaceOrientationLandscapeRight";
				INFOPLIST_KEY_UISupportedInterfaceOrientations_iPhone = "UIInterfaceOrientationPortrait UIInterfaceOrientationLandscapeLeft UIInterfaceOrientationLandscapeRight";
				IPHONEOS_DEPLOYMENT_TARGET = 16.0;
				LD_RUNPATH_SEARCH_PATHS = (
					"$(inherited)",
					"@executable_path/Frameworks",
				);
				MARKETING_VERSION = 1.0;
				PRODUCT_BUNDLE_IDENTIFIER = "BWFLC.Water-Agri-BWFLC";
				PRODUCT_NAME = "$(TARGET_NAME)";
				SWIFT_EMIT_LOC_STRINGS = YES;
				SWIFT_VERSION = 5.0;
				TARGETED_DEVICE_FAMILY = "1,2";
			};
			name = Release;
		};
/* End XCBuildConfiguration section */

/* Begin XCConfigurationList section */
		3532F6932A14DDB600F950EB /* Build configuration list for PBXProject "Water Agri BWFLC" */ = {
			isa = XCConfigurationList;
			buildConfigurations = (
				3532F6A42A14DDB700F950EB /* Debug */,
				3532F6A52A14DDB700F950EB /* Release */,
			);
			defaultConfigurationIsVisible = 0;
			defaultConfigurationName = Release;
		};
		3532F6A62A14DDB700F950EB /* Build configuration list for PBXNativeTarget "Water Agri BWFLC" */ = {
			isa = XCConfigurationList;
			buildConfigurations = (
				3532F6A72A14DDB700F950EB /* Debug */,
				3532F6A82A14DDB700F950EB /* Release */,
			);
			defaultConfigurationIsVisible = 0;
			defaultConfigurationName = Release;
		};
/* End XCConfigurationList section */
	};
	rootObject = 3532F6902A14DDB600F950EB /* Project object */;
}
